
Microsoft Visual Studio Solution File, Format Version 12.00
# Visual Studio 15
VisualStudioVersion = 15.0.27428.2037
MinimumVisualStudioVersion = 10.0.40219.1
Project("{2150E333-8FDC-42A3-9474-1A3956D46DE8}") = "Engine", "Engine", "{ECCF2E15-BC4A-4B38-86AF-3163FEC813B5}"
EndProject
Project("{2150E333-8FDC-42A3-9474-1A3956D46DE8}") = "Games", "Games", "{ECD4B453-6B28-4C97-902A-25439AEDB792}"
EndProject
Project("{8BC9CEB8-8B4A-11D0-8D11-00A0C91BC942}") = "UE4", "Intermediate\ProjectFiles\UE4.vcxproj", "{FD0D8167-5016-43B5-BFF4-1B7BB74739F8}"
EndProject
Project("{8BC9CEB8-8B4A-11D0-8D11-00A0C91BC942}") = "FPSGame", "Intermediate\ProjectFiles\FPSGame.vcxproj", "{83D2F31D-FD66-44B0-887B-1769764E561A}"
EndProject
Global
	GlobalSection(SolutionConfigurationPlatforms) = preSolution
		DebugGame Editor|HTML5 = DebugGame Editor|HTML5
		DebugGame Editor|Win32 = DebugGame Editor|Win32
		DebugGame Editor|Win64 = DebugGame Editor|Win64
		DebugGame|HTML5 = DebugGame|HTML5
		DebugGame|Win32 = DebugGame|Win32
		DebugGame|Win64 = DebugGame|Win64
		Development Editor|HTML5 = Development Editor|HTML5
		Development Editor|Win32 = Development Editor|Win32
		Development Editor|Win64 = Development Editor|Win64
		Development|HTML5 = Development|HTML5
		Development|Win32 = Development|Win32
		Development|Win64 = Development|Win64
		Shipping|HTML5 = Shipping|HTML5
		Shipping|Win32 = Shipping|Win32
		Shipping|Win64 = Shipping|Win64
	EndGlobalSection
	GlobalSection(ProjectConfigurationPlatforms) = postSolution
		{FD0D8167-5016-43B5-BFF4-1B7BB74739F8}.DebugGame Editor|HTML5.ActiveCfg = BuiltWithUnrealBuildTool|Win32
		{FD0D8167-5016-43B5-BFF4-1B7BB74739F8}.DebugGame Editor|HTML5.Build.0 = BuiltWithUnrealBuildTool|Win32
		{FD0D8167-5016-43B5-BFF4-1B7BB74739F8}.DebugGame Editor|Win32.ActiveCfg = BuiltWithUnrealBuildTool|Win32
		{FD0D8167-5016-43B5-BFF4-1B7BB74739F8}.DebugGame Editor|Win32.Build.0 = BuiltWithUnrealBuildTool|Win32
		{FD0D8167-5016-43B5-BFF4-1B7BB74739F8}.DebugGame Editor|Win64.ActiveCfg = BuiltWithUnrealBuildTool|Win32
		{FD0D8167-5016-43B5-BFF4-1B7BB74739F8}.DebugGame Editor|Win64.Build.0 = BuiltWithUnrealBuildTool|Win32
		{FD0D8167-5016-43B5-BFF4-1B7BB74739F8}.DebugGame|HTML5.ActiveCfg = BuiltWithUnrealBuildTool|Win32
		{FD0D8167-5016-43B5-BFF4-1B7BB74739F8}.DebugGame|HTML5.Build.0 = BuiltWithUnrealBuildTool|Win32
		{FD0D8167-5016-43B5-BFF4-1B7BB74739F8}.DebugGame|Win32.ActiveCfg = BuiltWithUnrealBuildTool|Win32
		{FD0D8167-5016-43B5-BFF4-1B7BB74739F8}.DebugGame|Win32.Build.0 = BuiltWithUnrealBuildTool|Win32
		{FD0D8167-5016-43B5-BFF4-1B7BB74739F8}.DebugGame|Win64.ActiveCfg = BuiltWithUnrealBuildTool|Win32
		{FD0D8167-5016-43B5-BFF4-1B7BB74739F8}.DebugGame|Win64.Build.0 = BuiltWithUnrealBuildTool|Win32
		{FD0D8167-5016-43B5-BFF4-1B7BB74739F8}.Development Editor|HTML5.ActiveCfg = BuiltWithUnrealBuildTool|Win32
		{FD0D8167-5016-43B5-BFF4-1B7BB74739F8}.Development Editor|HTML5.Build.0 = BuiltWithUnrealBuildTool|Win32
		{FD0D8167-5016-43B5-BFF4-1B7BB74739F8}.Development Editor|Win32.ActiveCfg = BuiltWithUnrealBuildTool|Win32
		{FD0D8167-5016-43B5-BFF4-1B7BB74739F8}.Development Editor|Win32.Build.0 = BuiltWithUnrealBuildTool|Win32
		{FD0D8167-5016-43B5-BFF4-1B7BB74739F8}.Development Editor|Win64.ActiveCfg = BuiltWithUnrealBuildTool|Win32
		{FD0D8167-5016-43B5-BFF4-1B7BB74739F8}.Development Editor|Win64.Build.0 = BuiltWithUnrealBuildTool|Win32
		{FD0D8167-5016-43B5-BFF4-1B7BB74739F8}.Development|HTML5.ActiveCfg = BuiltWithUnrealBuildTool|Win32
		{FD0D8167-5016-43B5-BFF4-1B7BB74739F8}.Development|HTML5.Build.0 = BuiltWithUnrealBuildTool|Win32
		{FD0D8167-5016-43B5-BFF4-1B7BB74739F8}.Development|Win32.ActiveCfg = BuiltWithUnrealBuildTool|Win32
		{FD0D8167-5016-43B5-BFF4-1B7BB74739F8}.Development|Win32.Build.0 = BuiltWithUnrealBuildTool|Win32
		{FD0D8167-5016-43B5-BFF4-1B7BB74739F8}.Development|Win64.ActiveCfg = BuiltWithUnrealBuildTool|Win32
		{FD0D8167-5016-43B5-BFF4-1B7BB74739F8}.Development|Win64.Build.0 = BuiltWithUnrealBuildTool|Win32
		{FD0D8167-5016-43B5-BFF4-1B7BB74739F8}.Shipping|HTML5.ActiveCfg = BuiltWithUnrealBuildTool|Win32
		{FD0D8167-5016-43B5-BFF4-1B7BB74739F8}.Shipping|HTML5.Build.0 = BuiltWithUnrealBuildTool|Win32
		{FD0D8167-5016-43B5-BFF4-1B7BB74739F8}.Shipping|Win32.ActiveCfg = BuiltWithUnrealBuildTool|Win32
		{FD0D8167-5016-43B5-BFF4-1B7BB74739F8}.Shipping|Win32.Build.0 = BuiltWithUnrealBuildTool|Win32
		{FD0D8167-5016-43B5-BFF4-1B7BB74739F8}.Shipping|Win64.ActiveCfg = BuiltWithUnrealBuildTool|Win32
		{FD0D8167-5016-43B5-BFF4-1B7BB74739F8}.Shipping|Win64.Build.0 = BuiltWithUnrealBuildTool|Win32
		{83D2F31D-FD66-44B0-887B-1769764E561A}.DebugGame Editor|HTML5.ActiveCfg = HTML5_DebugGame_Editor|Win32
		{83D2F31D-FD66-44B0-887B-1769764E561A}.DebugGame Editor|Win32.ActiveCfg = DebugGame_Editor|Win32
		{83D2F31D-FD66-44B0-887B-1769764E561A}.DebugGame Editor|Win64.ActiveCfg = DebugGame_Editor|x64
		{83D2F31D-FD66-44B0-887B-1769764E561A}.DebugGame Editor|Win64.Build.0 = DebugGame_Editor|x64
		{83D2F31D-FD66-44B0-887B-1769764E561A}.DebugGame|HTML5.ActiveCfg = HTML5_DebugGame_Game|Win32
		{83D2F31D-FD66-44B0-887B-1769764E561A}.DebugGame|HTML5.Build.0 = HTML5_DebugGame_Game|Win32
		{83D2F31D-FD66-44B0-887B-1769764E561A}.DebugGame|Win32.ActiveCfg = DebugGame_Game|Win32
		{83D2F31D-FD66-44B0-887B-1769764E561A}.DebugGame|Win32.Build.0 = DebugGame_Game|Win32
		{83D2F31D-FD66-44B0-887B-1769764E561A}.DebugGame|Win64.ActiveCfg = DebugGame_Game|x64
		{83D2F31D-FD66-44B0-887B-1769764E561A}.DebugGame|Win64.Build.0 = DebugGame_Game|x64
		{83D2F31D-FD66-44B0-887B-1769764E561A}.Development Editor|HTML5.ActiveCfg = HTML5_Development_Editor|Win32
		{83D2F31D-FD66-44B0-887B-1769764E561A}.Development Editor|Win32.ActiveCfg = Development_Editor|Win32
		{83D2F31D-FD66-44B0-887B-1769764E561A}.Development Editor|Win64.ActiveCfg = Development_Editor|x64
		{83D2F31D-FD66-44B0-887B-1769764E561A}.Development Editor|Win64.Build.0 = Development_Editor|x64
		{83D2F31D-FD66-44B0-887B-1769764E561A}.Development|HTML5.ActiveCfg = HTML5_Development_Game|Win32
		{83D2F31D-FD66-44B0-887B-1769764E561A}.Development|HTML5.Build.0 = HTML5_Development_Game|Win32
		{83D2F31D-FD66-44B0-887B-1769764E561A}.Development|Win32.ActiveCfg = Development_Game|Win32
		{83D2F31D-FD66-44B0-887B-1769764E561A}.Development|Win32.Build.0 = Development_Game|Win32
		{83D2F31D-FD66-44B0-887B-1769764E561A}.Development|Win64.ActiveCfg = Development_Game|x64
		{83D2F31D-FD66-44B0-887B-1769764E561A}.Development|Win64.Build.0 = Development_Game|x64
		{83D2F31D-FD66-44B0-887B-1769764E561A}.Shipping|HTML5.ActiveCfg = HTML5_Shipping_Game|Win32
		{83D2F31D-FD66-44B0-887B-1769764E561A}.Shipping|HTML5.Build.0 = HTML5_Shipping_Game|Win32
		{83D2F31D-FD66-44B0-887B-1769764E561A}.Shipping|Win32.ActiveCfg = Shipping_Game|Win32
		{83D2F31D-FD66-44B0-887B-1769764E561A}.Shipping|Win32.Build.0 = Shipping_Game|Win32
		{83D2F31D-FD66-44B0-887B-1769764E561A}.Shipping|Win64.ActiveCfg = Shipping_Game|x64
		{83D2F31D-FD66-44B0-887B-1769764E561A}.Shipping|Win64.Build.0 = Shipping_Game|x64
	EndGlobalSection
	GlobalSection(SolutionProperties) = preSolution
		HideSolutionNode = FALSE
	EndGlobalSection
	GlobalSection(NestedProjects) = preSolution
		{FD0D8167-5016-43B5-BFF4-1B7BB74739F8} = {ECCF2E15-BC4A-4B38-86AF-3163FEC813B5}
		{83D2F31D-FD66-44B0-887B-1769764E561A} = {ECD4B453-6B28-4C97-902A-25439AEDB792}
	EndGlobalSection
	GlobalSection(ExtensibilityGlobals) = postSolution
		SolutionGuid = {27B38CFD-611B-46B9-9E83-2CE87A95449D}
	EndGlobalSection
EndGlobal
